
Microsoft Visual Studio Solution File, Format Version 12.00
# Visual Studio Version 16
VisualStudioVersion = 16.0.31005.135
MinimumVisualStudioVersion = 10.0.40219.1
Project("{FAE04EC0-301F-11D3-BF4B-00C04F79EFBC}") = "20210318", "20210318\20210318.csproj", "{FE04DBCB-8AEA-4333-AD90-17CB2E32E2B9}"
EndProject
Global
	GlobalSection(SolutionConfigurationPlatforms) = preSolution
		Debug|Any CPU = Debug|Any CPU
		Release|Any CPU = Release|Any CPU
	EndGlobalSection
	GlobalSection(ProjectConfigurationPlatforms) = postSolution
		{FE04DBCB-8AEA-4333-AD90-17CB2E32E2B9}.Debug|Any CPU.ActiveCfg = Debug|Any CPU
		{FE04DBCB-8AEA-4333-AD90-17CB2E32E2B9}.Debug|Any CPU.Build.0 = Debug|Any CPU
		{FE04DBCB-8AEA-4333-AD90-17CB2E32E2B9}.Release|Any CPU.ActiveCfg = Release|Any CPU
		{FE04DBCB-8AEA-4333-AD90-17CB2E32E2B9}.Release|Any CPU.Build.0 = Release|Any CPU
	EndGlobalSection
	GlobalSection(SolutionProperties) = preSolution
		HideSolutionNode = FALSE
	EndGlobalSection
	GlobalSection(ExtensibilityGlobals) = postSolution
		SolutionGuid = {38B38946-2C99-427C-BAA4-3457FE763F1A}
	EndGlobalSection
EndGlobal
